
Microsoft Visual Studio Solution File, Format Version 12.00
# Visual Studio Version 17
VisualStudioVersion = 17.6.33829.357
MinimumVisualStudioVersion = 10.0.40219.1
Project("{FAE04EC0-301F-11D3-BF4B-00C04F79EFBC}") = "HotelReservationManager", "HotelReservationManager\HotelReservationManager.csproj", "{5ADE4EC1-5D1B-4143-99D8-017CC136F4F5}"
EndProject
Global
	GlobalSection(SolutionConfigurationPlatforms) = preSolution
		Debug|Any CPU = Debug|Any CPU
		Release|Any CPU = Release|Any CPU
	EndGlobalSection
	GlobalSection(ProjectConfigurationPlatforms) = postSolution
		{5ADE4EC1-5D1B-4143-99D8-017CC136F4F5}.Debug|Any CPU.ActiveCfg = Debug|Any CPU
		{5ADE4EC1-5D1B-4143-99D8-017CC136F4F5}.Debug|Any CPU.Build.0 = Debug|Any CPU
		{5ADE4EC1-5D1B-4143-99D8-017CC136F4F5}.Release|Any CPU.ActiveCfg = Release|Any CPU
		{5ADE4EC1-5D1B-4143-99D8-017CC136F4F5}.Release|Any CPU.Build.0 = Release|Any CPU
	EndGlobalSection
	GlobalSection(SolutionProperties) = preSolution
		HideSolutionNode = FALSE
	EndGlobalSection
	GlobalSection(ExtensibilityGlobals) = postSolution
		SolutionGuid = {D6D68049-9D19-4D5B-B71D-1DF06E128C65}
	EndGlobalSection
EndGlobal
